{
  "name": "lc-lang-support",
  "version": "0.1.1",
  "lockfileVersion": 2,
  "requires": true,
  "packages": {
    "": {
      "name": "lc-lang-support",
      "version": "0.1.1",
      "license": "GPL 2.0",
      "devDependencies": {
        "@types/vscode": "^1.32.0"
      },
      "engines": {
        "vscode": "^1.59.0"
      }
    },
    "node_modules/@types/vscode": {
      "version": "1.63.1",
      "resolved": "https://registry.npmjs.org/@types/vscode/-/vscode-1.63.1.tgz",
      "integrity": "sha512-Z+ZqjRcnGfHP86dvx/BtSwWyZPKQ/LBdmAVImY82TphyjOw2KgTKcp7Nx92oNwCTsHzlshwexAG/WiY2JuUm3g==",
      "dev": true
    }
  },
  "dependencies": {
    "@types/vscode": {
      "version": "1.63.1",
      "resolved": "https://registry.npmjs.org/@types/vscode/-/vscode-1.63.1.tgz",
      "integrity": "sha512-Z+ZqjRcnGfHP86dvx/BtSwWyZPKQ/LBdmAVImY82TphyjOw2KgTKcp7Nx92oNwCTsHzlshwexAG/WiY2JuUm3g==",
      "dev": true
    }
  }
}
